
Microsoft Visual Studio Solution File, Format Version 12.00
# Visual Studio Version 17
VisualStudioVersion = 17.10.34928.147
MinimumVisualStudioVersion = 10.0.40219.1
Project("{FAE04EC0-301F-11D3-BF4B-00C04F79EFBC}") = "DVT.Elevator.Challenge", "DVT.Elevator.Challenge\DVT.Elevator.Challenge.csproj", "{F8E8CC7A-DDF4-4E31-BC4B-72E382D26E37}"
EndProject
Global
	GlobalSection(SolutionConfigurationPlatforms) = preSolution
		Debug|Any CPU = Debug|Any CPU
		Release|Any CPU = Release|Any CPU
	EndGlobalSection
	GlobalSection(ProjectConfigurationPlatforms) = postSolution
		{F8E8CC7A-DDF4-4E31-BC4B-72E382D26E37}.Debug|Any CPU.ActiveCfg = Debug|Any CPU
		{F8E8CC7A-DDF4-4E31-BC4B-72E382D26E37}.Debug|Any CPU.Build.0 = Debug|Any CPU
		{F8E8CC7A-DDF4-4E31-BC4B-72E382D26E37}.Release|Any CPU.ActiveCfg = Release|Any CPU
		{F8E8CC7A-DDF4-4E31-BC4B-72E382D26E37}.Release|Any CPU.Build.0 = Release|Any CPU
	EndGlobalSection
	GlobalSection(SolutionProperties) = preSolution
		HideSolutionNode = FALSE
	EndGlobalSection
	GlobalSection(ExtensibilityGlobals) = postSolution
		SolutionGuid = {41AC5A5D-936B-4AF1-8826-D02FA01D05F8}
	EndGlobalSection
EndGlobal
